
Microsoft Visual Studio Solution File, Format Version 12.00
# Visual Studio Version 16
VisualStudioVersion = 16.0.30204.135
MinimumVisualStudioVersion = 10.0.40219.1
Project("{2150E333-8FDC-42A3-9474-1A3956D46DE8}") = ".files", ".files", "{E37C1465-5AA1-486C-9794-5864AC990215}"
	ProjectSection(SolutionItems) = preProject
		LICENSE = LICENSE
		.editorconfig = .editorconfig
		.gitattributes = .gitattributes
		.gitignore = .gitignore
		global.json = global.json
		icon.png = icon.png
		build.cmd = build.cmd
		build.ps1 = build.ps1
		build.sh = build.sh
		CHANGELOG.md = CHANGELOG.md
		README.md = README.md
	EndProjectSection
EndProject
Project("{2150E333-8FDC-42A3-9474-1A3956D46DE8}") = "src", "src", "{9F625ABB-51FC-4710-92A4-D7B1F483F006}"
EndProject
Project("{FAE04EC0-301F-11D3-BF4B-00C04F79EFBC}") = "Source.Nuke", "src\Source.Nuke\Source.Nuke.csproj", "{41FE72E8-7E73-4960-AC48-839E79E22A74}"
EndProject
Project("{9A19103F-16F7-4668-BE54-9A1E7A4F7556}") = "_build", "build\_build.csproj", "{3D8AD72F-D893-4B15-8748-C1E55977AC79}"
EndProject
Project("{2150E333-8FDC-42A3-9474-1A3956D46DE8}") = ".build", ".build", "{E7979F36-DB89-4CB1-9E66-2EA2195502A9}"
EndProject
Global
	GlobalSection(NestedProjects) = preSolution
		{41FE72E8-7E73-4960-AC48-839E79E22A74} = {9F625ABB-51FC-4710-92A4-D7B1F483F006}
		{3D8AD72F-D893-4B15-8748-C1E55977AC79} = {E7979F36-DB89-4CB1-9E66-2EA2195502A9}
	EndGlobalSection
	GlobalSection(ProjectConfigurationPlatforms) = postSolution
		{3D8AD72F-D893-4B15-8748-C1E55977AC79}.Debug|Any CPU.ActiveCfg = Debug|Any CPU
		{3D8AD72F-D893-4B15-8748-C1E55977AC79}.Release|Any CPU.ActiveCfg = Release|Any CPU
		{41FE72E8-7E73-4960-AC48-839E79E22A74}.Debug|Any CPU.ActiveCfg = Debug|Any CPU
		{41FE72E8-7E73-4960-AC48-839E79E22A74}.Debug|Any CPU.Build.0 = Debug|Any CPU
		{41FE72E8-7E73-4960-AC48-839E79E22A74}.Release|Any CPU.ActiveCfg = Release|Any CPU
		{41FE72E8-7E73-4960-AC48-839E79E22A74}.Release|Any CPU.Build.0 = Release|Any CPU
		{41FE72E8-7E73-4960-AC48-839E79E22A74}.Release|Any CPU.Deploy.0 = Release|Any CPU
	EndGlobalSection
	GlobalSection(SolutionConfigurationPlatforms) = preSolution
		Debug|Any CPU = Debug|Any CPU
		Release|Any CPU = Release|Any CPU
	EndGlobalSection
EndGlobal
